
Microsoft Visual Studio Solution File, Format Version 12.00
# Visual Studio Version 17
VisualStudioVersion = 17.0.31717.71
MinimumVisualStudioVersion = 10.0.40219.1
Project("{9A19103F-16F7-4668-BE54-9A1E7A4F7556}") = "MudBlazor.MudSelect.Bug", "MudBlazor.MudSelect.Bug.csproj", "{D374ED21-5025-49C3-A613-201B7B953185}"
EndProject
Global
	GlobalSection(SolutionConfigurationPlatforms) = preSolution
		Debug|Any CPU = Debug|Any CPU
		Release|Any CPU = Release|Any CPU
	EndGlobalSection
	GlobalSection(ProjectConfigurationPlatforms) = postSolution
		{D374ED21-5025-49C3-A613-201B7B953185}.Debug|Any CPU.ActiveCfg = Debug|Any CPU
		{D374ED21-5025-49C3-A613-201B7B953185}.Debug|Any CPU.Build.0 = Debug|Any CPU
		{D374ED21-5025-49C3-A613-201B7B953185}.Release|Any CPU.ActiveCfg = Release|Any CPU
		{D374ED21-5025-49C3-A613-201B7B953185}.Release|Any CPU.Build.0 = Release|Any CPU
	EndGlobalSection
	GlobalSection(SolutionProperties) = preSolution
		HideSolutionNode = FALSE
	EndGlobalSection
	GlobalSection(ExtensibilityGlobals) = postSolution
		SolutionGuid = {B76875A4-B1B8-4005-8794-C863A9468833}
	EndGlobalSection
EndGlobal